
Microsoft Visual Studio Solution File, Format Version 12.00
# Visual Studio Version 16
VisualStudioVersion = 16.0.29020.237
MinimumVisualStudioVersion = 10.0.40219.1
Project("{FAE04EC0-301F-11D3-BF4B-00C04F79EFBC}") = "L2-4", "L2-4\L2-4.csproj", "{92C69718-8443-4222-A092-7D2564ADC980}"
EndProject
Global
	GlobalSection(SolutionConfigurationPlatforms) = preSolution
		Debug|Any CPU = Debug|Any CPU
		Release|Any CPU = Release|Any CPU
	EndGlobalSection
	GlobalSection(ProjectConfigurationPlatforms) = postSolution
		{92C69718-8443-4222-A092-7D2564ADC980}.Debug|Any CPU.ActiveCfg = Debug|Any CPU
		{92C69718-8443-4222-A092-7D2564ADC980}.Debug|Any CPU.Build.0 = Debug|Any CPU
		{92C69718-8443-4222-A092-7D2564ADC980}.Release|Any CPU.ActiveCfg = Release|Any CPU
		{92C69718-8443-4222-A092-7D2564ADC980}.Release|Any CPU.Build.0 = Release|Any CPU
	EndGlobalSection
	GlobalSection(SolutionProperties) = preSolution
		HideSolutionNode = FALSE
	EndGlobalSection
	GlobalSection(ExtensibilityGlobals) = postSolution
		SolutionGuid = {65E872D8-A742-4747-AC90-58D39001245A}
	EndGlobalSection
EndGlobal
